
Microsoft Visual Studio Solution File, Format Version 12.00
# Visual Studio Version 17
VisualStudioVersion = 17.7.34221.43
MinimumVisualStudioVersion = 10.0.40219.1
Project("{2150E333-8FDC-42A3-9474-1A3956D46DE8}") = "20_05", "20_05", "{3A202007-F6B1-47CD-B73C-1CDC9AB0D42B}"
EndProject
Project("{2150E333-8FDC-42A3-9474-1A3956D46DE8}") = "1task", "1task", "{A2A38DE8-32D2-4C46-B4F2-A52CA673412C}"
EndProject
Project("{2150E333-8FDC-42A3-9474-1A3956D46DE8}") = "2task", "2task", "{4ED67C05-B64A-43A7-9E03-F602D056CB0E}"
EndProject
Project("{2150E333-8FDC-42A3-9474-1A3956D46DE8}") = "22_05", "22_05", "{506FE609-83FC-4A51-9272-316AAE17ED52}"
EndProject
Project("{2150E333-8FDC-42A3-9474-1A3956D46DE8}") = "27_05", "27_05", "{8D975B16-426D-445F-962A-73C06C7DA309}"
EndProject
Project("{2150E333-8FDC-42A3-9474-1A3956D46DE8}") = "Classwork", "Classwork", "{1BADB69F-A37A-4DDB-88F2-20CD0039B8BE}"
EndProject
Project("{8BC9CEB8-8B4A-11D0-8D11-00A0C91BC942}") = "task1", "Classswork\20_05\task1\task1.vcxproj", "{BD4A42DC-5AFD-4725-99E0-B3AABE65F3C4}"
EndProject
Project("{8BC9CEB8-8B4A-11D0-8D11-00A0C91BC942}") = "task2", "Classswork\20_05\task2\task2.vcxproj", "{C53332DA-5918-4964-830E-7D58B4E2F69A}"
EndProject
Project("{8BC9CEB8-8B4A-11D0-8D11-00A0C91BC942}") = "task3", "Classswork\20_05\task3\task3.vcxproj", "{79A25EC5-27A6-422D-B3D4-776348962B14}"
EndProject
Project("{8BC9CEB8-8B4A-11D0-8D11-00A0C91BC942}") = "task4", "Classswork\20_05\task4\task4.vcxproj", "{0178BC1E-E259-41F2-991B-6C56E4B61F09}"
EndProject
Project("{8BC9CEB8-8B4A-11D0-8D11-00A0C91BC942}") = "SomeLib", "Classswork\20_05\SomeLib\SomeLib.vcxproj", "{C999008A-AEA9-4813-BD25-A6929A6B3D1B}"
EndProject
Project("{8BC9CEB8-8B4A-11D0-8D11-00A0C91BC942}") = "task1", "Classswork\27_05\task1\task1.vcxproj", "{5EF31761-54B1-4AA3-B06F-5353A1408CF0}"
EndProject
Project("{8BC9CEB8-8B4A-11D0-8D11-00A0C91BC942}") = "theory", "Classswork\22_05\theory\theory.vcxproj", "{288E88A0-39D4-4A93-8AF8-DE66C55A6BEF}"
EndProject
Project("{2150E333-8FDC-42A3-9474-1A3956D46DE8}") = "Homework", "Homework", "{4D4F415A-8A4B-4B18-B6DB-3F4EC808D89F}"
EndProject
Project("{2150E333-8FDC-42A3-9474-1A3956D46DE8}") = "week_11", "week_11", "{DBEBEBDC-D0D5-4D56-8C3C-DBBDD358D018}"
EndProject
Project("{2150E333-8FDC-42A3-9474-1A3956D46DE8}") = "task1", "task1", "{DE7E7B98-191F-4496-9956-0DD7584230D3}"
EndProject
Project("{2150E333-8FDC-42A3-9474-1A3956D46DE8}") = "task2", "task2", "{64C3AFA2-04C8-4F44-A00E-8748F0EDC096}"
EndProject
Project("{2150E333-8FDC-42A3-9474-1A3956D46DE8}") = "task3", "task3", "{E9B6E74D-9AEF-4124-807E-D66D07535161}"
EndProject
Project("{2150E333-8FDC-42A3-9474-1A3956D46DE8}") = "05_06", "05_06", "{A3C8EBB4-9C52-4FED-9BF1-7CC62244DA30}"
EndProject
Project("{2150E333-8FDC-42A3-9474-1A3956D46DE8}") = "task1", "task1", "{DD719069-9095-4CC3-9697-00E7F6237D6F}"
EndProject
Project("{8BC9CEB8-8B4A-11D0-8D11-00A0C91BC942}") = "task1", "Classswork\05_06\task1\task1.vcxproj", "{D4AC1FF0-C67C-4E2A-9E42-CC0A8EED7F6E}"
EndProject
Project("{2150E333-8FDC-42A3-9474-1A3956D46DE8}") = "MyLib", "MyLib", "{DDC3ADE2-3B02-4FD3-B6E8-BF4292A24564}"
EndProject
Project("{8BC9CEB8-8B4A-11D0-8D11-00A0C91BC942}") = "MyLib", "Classswork\20_05\MyLib\MyLib\MyLib.vcxproj", "{46B265E6-1D53-4D68-B376-92243E571152}"
EndProject
Project("{8BC9CEB8-8B4A-11D0-8D11-00A0C91BC942}") = "LibTest", "Classswork\20_05\LibTest\LibTest.vcxproj", "{F8F382F4-02A4-461A-8033-59AEDBA2E0BF}"
	ProjectSection(ProjectDependencies) = postProject
		{46B265E6-1D53-4D68-B376-92243E571152} = {46B265E6-1D53-4D68-B376-92243E571152}
	EndProjectSection
EndProject
Project("{2150E333-8FDC-42A3-9474-1A3956D46DE8}") = "1task", "1task", "{B5881E5F-7DE1-47DE-861B-BB5593037688}"
EndProject
Project("{2150E333-8FDC-42A3-9474-1A3956D46DE8}") = "2task", "2task", "{33A86B74-ECCC-4E32-8DD0-11247BE38BF8}"
EndProject
Project("{8BC9CEB8-8B4A-11D0-8D11-00A0C91BC942}") = "task2", "Classswork\27_05\task2\task2.vcxproj", "{5E057013-11A2-4D9D-91D2-455FF172B9B1}"
EndProject
Project("{2150E333-8FDC-42A3-9474-1A3956D46DE8}") = "task4", "task4", "{F1A14306-FCF3-49DE-A1E7-758821471042}"
EndProject
Project("{2150E333-8FDC-42A3-9474-1A3956D46DE8}") = "task5", "task5", "{A5F989DD-B689-4897-AF25-7905615D9BD6}"
EndProject
Project("{2150E333-8FDC-42A3-9474-1A3956D46DE8}") = "week_11_1", "week_11_1", "{258A05AC-2E79-4726-B5C0-5EDDBF44DA39}"
EndProject
Project("{2150E333-8FDC-42A3-9474-1A3956D46DE8}") = "week_11_2", "week_11_2", "{AFB55F79-1111-457B-852D-2E4DC5AB98BF}"
EndProject
Project("{8BC9CEB8-8B4A-11D0-8D11-00A0C91BC942}") = "task_1", "Homework\week_11\week_11_1\task_1\task_1.vcxproj", "{F3BA63BD-4E80-4EC1-9EB7-93E09C59CA92}"
EndProject
Project("{8BC9CEB8-8B4A-11D0-8D11-00A0C91BC942}") = "task_1", "Homework\week_11\week_11_2\task_1\task_1.vcxproj", "{CEB408DC-C95D-4621-9A55-2884CC2C68AE}"
EndProject
Project("{2150E333-8FDC-42A3-9474-1A3956D46DE8}") = "task1", "task1", "{FDA57CAA-F9C8-48E6-A507-4E4CCFF0DB28}"
EndProject
Project("{8BC9CEB8-8B4A-11D0-8D11-00A0C91BC942}") = "task_5", "Homework\week_11\week_11_1\task_5\task_5.vcxproj", "{F27EC9CF-21F2-40A7-BAC6-64BEC764FD9E}"
EndProject
Project("{8BC9CEB8-8B4A-11D0-8D11-00A0C91BC942}") = "task_4", "Homework\week_11\week_11_1\task_4\task_4.vcxproj", "{3E427B1E-D9F2-4769-8B2A-ECAFCBB0F994}"
EndProject
Project("{8BC9CEB8-8B4A-11D0-8D11-00A0C91BC942}") = "task_3", "Homework\week_11\week_11_1\task_3\task3.vcxproj", "{595D878D-C75C-48C8-A639-0A78C68FC2DF}"
EndProject
Project("{8BC9CEB8-8B4A-11D0-8D11-00A0C91BC942}") = "task_2", "Homework\week_11\week_11_1\task_2\task_2.vcxproj", "{0F3799EA-FE33-46F6-9BA6-2E2E7F63FFD4}"
EndProject
Project("{2150E333-8FDC-42A3-9474-1A3956D46DE8}") = "task2", "task2", "{69B2EC66-BBAA-4922-B1A3-77EE5EEB27A5}"
EndProject
Project("{8BC9CEB8-8B4A-11D0-8D11-00A0C91BC942}") = "task_2", "Homework\week_11\week_11_2\task_2\task_2.vcxproj", "{E3E85A9D-57A7-492B-BA46-3FC62649E8EA}"
EndProject
Project("{2150E333-8FDC-42A3-9474-1A3956D46DE8}") = "task3", "task3", "{68979811-C81B-4230-83BA-CEC00E2867AA}"
EndProject
Project("{8BC9CEB8-8B4A-11D0-8D11-00A0C91BC942}") = "task_3", "Homework\week_11\week_11_2\task_3\task_3.vcxproj", "{8FA1B1A1-77DA-4601-A55F-E552D704F61B}"
EndProject
Project("{2150E333-8FDC-42A3-9474-1A3956D46DE8}") = "week_12", "week_12", "{5E8FAF64-AD6B-4627-A2F9-AEC691D39423}"
EndProject
Project("{2150E333-8FDC-42A3-9474-1A3956D46DE8}") = "task1", "task1", "{40295C82-93A7-421F-8523-BFF6ECD94069}"
EndProject
Project("{8BC9CEB8-8B4A-11D0-8D11-00A0C91BC942}") = "task_1", "Homework\week_12\task_1\task_1.vcxproj", "{E23DCD5F-533B-45FB-978A-073807D15902}"
EndProject
Project("{2150E333-8FDC-42A3-9474-1A3956D46DE8}") = "task2", "task2", "{67BFC3C6-8FD1-4802-84E9-29466C909901}"
EndProject
Project("{8BC9CEB8-8B4A-11D0-8D11-00A0C91BC942}") = "task_2", "Homework\week_12\task_2\task_2.vcxproj", "{BA5D19BD-9D27-4059-B3D2-3CCFBB7D8B8F}"
EndProject
Project("{2150E333-8FDC-42A3-9474-1A3956D46DE8}") = "10_06", "10_06", "{C8721B08-0D2D-48DA-8AAC-4D051FDF29D1}"
EndProject
Project("{8BC9CEB8-8B4A-11D0-8D11-00A0C91BC942}") = "task_1", "Classswork\10_06\task_1\task_1.vcxproj", "{AF2F1B3C-AE6E-4A42-A138-7A107872EDF5}"
EndProject
Project("{2150E333-8FDC-42A3-9474-1A3956D46DE8}") = "task1", "task1", "{2DCE556A-D4E7-40CD-AE47-E5B2B159842C}"
EndProject
Project("{8BC9CEB8-8B4A-11D0-8D11-00A0C91BC942}") = "task_3", "Homework\week_12\task_3\task3.vcxproj", "{DC4D1128-BA73-4F84-8037-D2E2975C3EB7}"
EndProject
Project("{2150E333-8FDC-42A3-9474-1A3956D46DE8}") = "task3", "task3", "{8748EA3C-21C9-4624-898E-7CA3EB9FD742}"
EndProject
Project("{2150E333-8FDC-42A3-9474-1A3956D46DE8}") = "week_13", "week_13", "{9648E460-3EC7-4131-8690-F705CE568806}"
EndProject
Project("{8BC9CEB8-8B4A-11D0-8D11-00A0C91BC942}") = "task_1", "Homework\week_13\task_1\task_1.vcxproj", "{4C38DA7F-070E-4710-9F01-F07E16EB7844}"
EndProject
Project("{2150E333-8FDC-42A3-9474-1A3956D46DE8}") = "task1", "task1", "{8351C2AF-6DFB-47F5-B3EE-BF97656EB01C}"
EndProject
Project("{2150E333-8FDC-42A3-9474-1A3956D46DE8}") = "task2", "task2", "{08A29E12-9A07-49FD-804D-0524A76148CB}"
EndProject
Project("{8BC9CEB8-8B4A-11D0-8D11-00A0C91BC942}") = "task_2", "Homework\week_13\task_2\task_2.vcxproj", "{12CD036F-191F-4746-80C5-F9FB4980EC83}"
EndProject
Project("{2150E333-8FDC-42A3-9474-1A3956D46DE8}") = "task3", "task3", "{06F8EC5B-78F8-4A5D-9ACA-0991879BDB87}"
EndProject
Project("{8BC9CEB8-8B4A-11D0-8D11-00A0C91BC942}") = "task_3", "Homework\week_13\task_3\task_3.vcxproj", "{AEA2DA70-2D57-4921-A3FF-247D4C8F9070}"
EndProject
Project("{2150E333-8FDC-42A3-9474-1A3956D46DE8}") = "week_14", "week_14", "{52D77230-0247-425C-B58A-CE97F41009E6}"
EndProject
Project("{2150E333-8FDC-42A3-9474-1A3956D46DE8}") = "task1", "task1", "{7C67CFBB-C155-46C5-8AAF-615A0675B43F}"
EndProject
Project("{2150E333-8FDC-42A3-9474-1A3956D46DE8}") = "task2", "task2", "{354D67C5-3B95-4438-AB10-078E73C0A303}"
EndProject
Project("{2150E333-8FDC-42A3-9474-1A3956D46DE8}") = "task3", "task3", "{376E92DA-200C-48A4-A7FD-E5BA3F8BD518}"
EndProject
Project("{2150E333-8FDC-42A3-9474-1A3956D46DE8}") = "week_14_1", "week_14_1", "{71AE3007-43F0-4DAD-B945-50C5471A3EE0}"
EndProject
Project("{2150E333-8FDC-42A3-9474-1A3956D46DE8}") = "week_14_2", "week_14_2", "{5231B4AF-829A-4C57-95EF-F9A9C5C5FBE8}"
EndProject
Project("{8BC9CEB8-8B4A-11D0-8D11-00A0C91BC942}") = "task_1", "Homework\week_14\week_14_1\task_1\task_1.vcxproj", "{D5B8F4BE-47FF-4F45-BAAC-5F3ED9A9B3FC}"
EndProject
Project("{8BC9CEB8-8B4A-11D0-8D11-00A0C91BC942}") = "task_2", "Homework\week_14\week_14_1\task_2\task_2.vcxproj", "{861381BB-7A76-4645-930C-9F01F696ED4F}"
EndProject
Project("{2150E333-8FDC-42A3-9474-1A3956D46DE8}") = "task1", "task1", "{C311E359-F206-4D85-8992-84129646F72D}"
EndProject
Project("{8BC9CEB8-8B4A-11D0-8D11-00A0C91BC942}") = "task_1", "Homework\week_14\week_14_2\task_1\task_1.vcxproj", "{BD639D28-D76E-47BD-BA08-64B65AE7DA0D}"
EndProject
Project("{2150E333-8FDC-42A3-9474-1A3956D46DE8}") = "task2", "task2", "{8137C1C0-AE17-48BF-A6B9-0137BE52807F}"
EndProject
Project("{8BC9CEB8-8B4A-11D0-8D11-00A0C91BC942}") = "task_2", "Classswork\10_06\task_2\task_2.vcxproj", "{8B5C37A8-012B-40DD-A9E6-167003DB82CB}"
EndProject
Project("{2150E333-8FDC-42A3-9474-1A3956D46DE8}") = "task3", "task3", "{21FD10E6-9B59-4186-8CD6-4D1C6E541F91}"
EndProject
Project("{8BC9CEB8-8B4A-11D0-8D11-00A0C91BC942}") = "task_3", "Classswork\10_06\task_3\task_3.vcxproj", "{FC6F51A6-A9AA-4A2A-9D67-C2331549F732}"
EndProject
Project("{2150E333-8FDC-42A3-9474-1A3956D46DE8}") = "17_06", "17_06", "{803874C8-B6E0-4258-8B0D-E2D21D2CDBA6}"
EndProject
Project("{2150E333-8FDC-42A3-9474-1A3956D46DE8}") = "task1", "task1", "{BE2C565B-9578-418C-BC4A-4FF56087EA1D}"
EndProject
Project("{2150E333-8FDC-42A3-9474-1A3956D46DE8}") = "task2", "task2", "{A94760F8-D03E-4A3F-8009-82F9B4CDDFD6}"
EndProject
Project("{2150E333-8FDC-42A3-9474-1A3956D46DE8}") = "task3", "task3", "{AB57E1E3-E8F1-4323-A6B5-E95D0BB20A2F}"
EndProject
Project("{2150E333-8FDC-42A3-9474-1A3956D46DE8}") = "task4", "task4", "{729E5B7A-8015-476B-8078-65B53067201F}"
EndProject
Project("{8BC9CEB8-8B4A-11D0-8D11-00A0C91BC942}") = "task_1", "Classswork\17_06\task_1\task_1.vcxproj", "{F296D6C8-C042-49E4-A3BE-71BAACAFBF8F}"
EndProject
Project("{8BC9CEB8-8B4A-11D0-8D11-00A0C91BC942}") = "task_2", "Classswork\17_06\task_2\task_2.vcxproj", "{4E3A525A-08D1-498C-91A7-FAB613692781}"
EndProject
Project("{8BC9CEB8-8B4A-11D0-8D11-00A0C91BC942}") = "task_3", "Classswork\17_06\task_3\task_3.vcxproj", "{DAF9157F-C577-4899-9C0F-844B989B8513}"
EndProject
Project("{2150E333-8FDC-42A3-9474-1A3956D46DE8}") = "task2", "task2", "{FC91ED50-D0C2-428D-9277-67141264BA71}"
EndProject
Project("{8BC9CEB8-8B4A-11D0-8D11-00A0C91BC942}") = "task_2", "Homework\week_14\week_14_2\task_2\task_2.vcxproj", "{42134429-B9B4-4634-97FC-862FA6B7AD23}"
EndProject
Project("{2150E333-8FDC-42A3-9474-1A3956D46DE8}") = "task3", "task3", "{ED2040A5-709A-4AC7-9710-BD6D801F458C}"
EndProject
Project("{8BC9CEB8-8B4A-11D0-8D11-00A0C91BC942}") = "task_3", "Homework\week_14\week_14_2\task_3\task_3.vcxproj", "{5835F386-AC39-4593-9CDF-14645700C53A}"
EndProject
Project("{2150E333-8FDC-42A3-9474-1A3956D46DE8}") = "week_15", "week_15", "{D5BBE8C8-CFF2-456D-A0B4-524A82B141FE}"
EndProject
Project("{8BC9CEB8-8B4A-11D0-8D11-00A0C91BC942}") = "task_1", "Homework\week_15\task_1\task_1.vcxproj", "{55523F26-093D-4199-AE11-149DC8E279AA}"
EndProject
Project("{2150E333-8FDC-42A3-9474-1A3956D46DE8}") = "mod_1", "mod_1", "{24A707A0-E25F-4631-B815-01FEC9B6B60C}"
EndProject
Project("{2150E333-8FDC-42A3-9474-1A3956D46DE8}") = "1task", "1task", "{B7CC51B7-903D-4D64-99DF-ABF883B71FC0}"
EndProject
Project("{2150E333-8FDC-42A3-9474-1A3956D46DE8}") = "task_1", "task_1", "{C97CE195-9D4A-4A57-8D83-FFE1938795B5}"
EndProject
Project("{8BC9CEB8-8B4A-11D0-8D11-00A0C91BC942}") = "task_1", "Homework\mod_1\1task\task_1\task_1.vcxproj", "{44C4C5C5-176C-45E6-AE76-B966892DC1EC}"
EndProject
Project("{2150E333-8FDC-42A3-9474-1A3956D46DE8}") = "24_06", "24_06", "{CE0C58AB-7909-4C48-88B1-FA291189E312}"
EndProject
Project("{2150E333-8FDC-42A3-9474-1A3956D46DE8}") = "1task", "1task", "{A997D28F-BE31-48A4-AA47-48EBB0CD57AC}"
EndProject
Project("{8BC9CEB8-8B4A-11D0-8D11-00A0C91BC942}") = "task_1", "Classswork\24_06\1task\task_1\task_1.vcxproj", "{673E20FA-B921-4496-AE8A-9028ACE1D0D9}"
EndProject
Project("{2150E333-8FDC-42A3-9474-1A3956D46DE8}") = "2task", "2task", "{027C834B-EAF3-4443-9F27-8C65F7EF026D}"
EndProject
Project("{8BC9CEB8-8B4A-11D0-8D11-00A0C91BC942}") = "task_1", "Classswork\24_06\2task\task_1\task_1.vcxproj", "{D7DA6599-806F-4508-962B-1C4207801FCC}"
EndProject
Project("{8BC9CEB8-8B4A-11D0-8D11-00A0C91BC942}") = "task_2", "Classswork\24_06\2task\task_2\task_2.vcxproj", "{4306FB6B-0763-4DF0-B70F-D7CFFEBF5F21}"
EndProject
Project("{8BC9CEB8-8B4A-11D0-8D11-00A0C91BC942}") = "task_3", "Classswork\24_06\2task\task_3\task_3.vcxproj", "{D8EC83ED-109A-4A90-B612-715FEF79DDEC}"
EndProject
Project("{8BC9CEB8-8B4A-11D0-8D11-00A0C91BC942}") = "task_4", "Classswork\24_06\2task\task_4\task_4.vcxproj", "{A0485BE6-7DE5-4C78-BB15-2FECB9555C9A}"
EndProject
Global
	GlobalSection(SolutionConfigurationPlatforms) = preSolution
		Debug|x64 = Debug|x64
		Debug|x86 = Debug|x86
		Release|x64 = Release|x64
		Release|x86 = Release|x86
	EndGlobalSection
	GlobalSection(ProjectConfigurationPlatforms) = postSolution
		{BD4A42DC-5AFD-4725-99E0-B3AABE65F3C4}.Debug|x64.ActiveCfg = Debug|x64
		{BD4A42DC-5AFD-4725-99E0-B3AABE65F3C4}.Debug|x64.Build.0 = Debug|x64
		{BD4A42DC-5AFD-4725-99E0-B3AABE65F3C4}.Debug|x86.ActiveCfg = Debug|Win32
		{BD4A42DC-5AFD-4725-99E0-B3AABE65F3C4}.Debug|x86.Build.0 = Debug|Win32
		{BD4A42DC-5AFD-4725-99E0-B3AABE65F3C4}.Release|x64.ActiveCfg = Release|x64
		{BD4A42DC-5AFD-4725-99E0-B3AABE65F3C4}.Release|x64.Build.0 = Release|x64
		{BD4A42DC-5AFD-4725-99E0-B3AABE65F3C4}.Release|x86.ActiveCfg = Release|Win32
		{BD4A42DC-5AFD-4725-99E0-B3AABE65F3C4}.Release|x86.Build.0 = Release|Win32
		{C53332DA-5918-4964-830E-7D58B4E2F69A}.Debug|x64.ActiveCfg = Debug|x64
		{C53332DA-5918-4964-830E-7D58B4E2F69A}.Debug|x64.Build.0 = Debug|x64
		{C53332DA-5918-4964-830E-7D58B4E2F69A}.Debug|x86.ActiveCfg = Debug|Win32
		{C53332DA-5918-4964-830E-7D58B4E2F69A}.Debug|x86.Build.0 = Debug|Win32
		{C53332DA-5918-4964-830E-7D58B4E2F69A}.Release|x64.ActiveCfg = Release|x64
		{C53332DA-5918-4964-830E-7D58B4E2F69A}.Release|x64.Build.0 = Release|x64
		{C53332DA-5918-4964-830E-7D58B4E2F69A}.Release|x86.ActiveCfg = Release|Win32
		{C53332DA-5918-4964-830E-7D58B4E2F69A}.Release|x86.Build.0 = Release|Win32
		{79A25EC5-27A6-422D-B3D4-776348962B14}.Debug|x64.ActiveCfg = Debug|x64
		{79A25EC5-27A6-422D-B3D4-776348962B14}.Debug|x64.Build.0 = Debug|x64
		{79A25EC5-27A6-422D-B3D4-776348962B14}.Debug|x86.ActiveCfg = Debug|Win32
		{79A25EC5-27A6-422D-B3D4-776348962B14}.Debug|x86.Build.0 = Debug|Win32
		{79A25EC5-27A6-422D-B3D4-776348962B14}.Release|x64.ActiveCfg = Release|x64
		{79A25EC5-27A6-422D-B3D4-776348962B14}.Release|x64.Build.0 = Release|x64
		{79A25EC5-27A6-422D-B3D4-776348962B14}.Release|x86.ActiveCfg = Release|Win32
		{79A25EC5-27A6-422D-B3D4-776348962B14}.Release|x86.Build.0 = Release|Win32
		{0178BC1E-E259-41F2-991B-6C56E4B61F09}.Debug|x64.ActiveCfg = Debug|x64
		{0178BC1E-E259-41F2-991B-6C56E4B61F09}.Debug|x64.Build.0 = Debug|x64
		{0178BC1E-E259-41F2-991B-6C56E4B61F09}.Debug|x86.ActiveCfg = Debug|Win32
		{0178BC1E-E259-41F2-991B-6C56E4B61F09}.Debug|x86.Build.0 = Debug|Win32
		{0178BC1E-E259-41F2-991B-6C56E4B61F09}.Release|x64.ActiveCfg = Release|x64
		{0178BC1E-E259-41F2-991B-6C56E4B61F09}.Release|x64.Build.0 = Release|x64
		{0178BC1E-E259-41F2-991B-6C56E4B61F09}.Release|x86.ActiveCfg = Release|Win32
		{0178BC1E-E259-41F2-991B-6C56E4B61F09}.Release|x86.Build.0 = Release|Win32
		{C999008A-AEA9-4813-BD25-A6929A6B3D1B}.Debug|x64.ActiveCfg = Debug|x64
		{C999008A-AEA9-4813-BD25-A6929A6B3D1B}.Debug|x64.Build.0 = Debug|x64
		{C999008A-AEA9-4813-BD25-A6929A6B3D1B}.Debug|x86.ActiveCfg = Debug|Win32
		{C999008A-AEA9-4813-BD25-A6929A6B3D1B}.Debug|x86.Build.0 = Debug|Win32
		{C999008A-AEA9-4813-BD25-A6929A6B3D1B}.Release|x64.ActiveCfg = Release|x64
		{C999008A-AEA9-4813-BD25-A6929A6B3D1B}.Release|x64.Build.0 = Release|x64
		{C999008A-AEA9-4813-BD25-A6929A6B3D1B}.Release|x86.ActiveCfg = Release|Win32
		{C999008A-AEA9-4813-BD25-A6929A6B3D1B}.Release|x86.Build.0 = Release|Win32
		{5EF31761-54B1-4AA3-B06F-5353A1408CF0}.Debug|x64.ActiveCfg = Debug|x64
		{5EF31761-54B1-4AA3-B06F-5353A1408CF0}.Debug|x64.Build.0 = Debug|x64
		{5EF31761-54B1-4AA3-B06F-5353A1408CF0}.Debug|x86.ActiveCfg = Debug|Win32
		{5EF31761-54B1-4AA3-B06F-5353A1408CF0}.Debug|x86.Build.0 = Debug|Win32
		{5EF31761-54B1-4AA3-B06F-5353A1408CF0}.Release|x64.ActiveCfg = Release|x64
		{5EF31761-54B1-4AA3-B06F-5353A1408CF0}.Release|x64.Build.0 = Release|x64
		{5EF31761-54B1-4AA3-B06F-5353A1408CF0}.Release|x86.ActiveCfg = Release|Win32
		{5EF31761-54B1-4AA3-B06F-5353A1408CF0}.Release|x86.Build.0 = Release|Win32
		{288E88A0-39D4-4A93-8AF8-DE66C55A6BEF}.Debug|x64.ActiveCfg = Debug|x64
		{288E88A0-39D4-4A93-8AF8-DE66C55A6BEF}.Debug|x64.Build.0 = Debug|x64
		{288E88A0-39D4-4A93-8AF8-DE66C55A6BEF}.Debug|x86.ActiveCfg = Debug|Win32
		{288E88A0-39D4-4A93-8AF8-DE66C55A6BEF}.Debug|x86.Build.0 = Debug|Win32
		{288E88A0-39D4-4A93-8AF8-DE66C55A6BEF}.Release|x64.ActiveCfg = Release|x64
		{288E88A0-39D4-4A93-8AF8-DE66C55A6BEF}.Release|x64.Build.0 = Release|x64
		{288E88A0-39D4-4A93-8AF8-DE66C55A6BEF}.Release|x86.ActiveCfg = Release|Win32
		{288E88A0-39D4-4A93-8AF8-DE66C55A6BEF}.Release|x86.Build.0 = Release|Win32
		{D4AC1FF0-C67C-4E2A-9E42-CC0A8EED7F6E}.Debug|x64.ActiveCfg = Debug|x64
		{D4AC1FF0-C67C-4E2A-9E42-CC0A8EED7F6E}.Debug|x64.Build.0 = Debug|x64
		{D4AC1FF0-C67C-4E2A-9E42-CC0A8EED7F6E}.Debug|x86.ActiveCfg = Debug|Win32
		{D4AC1FF0-C67C-4E2A-9E42-CC0A8EED7F6E}.Debug|x86.Build.0 = Debug|Win32
		{D4AC1FF0-C67C-4E2A-9E42-CC0A8EED7F6E}.Release|x64.ActiveCfg = Release|x64
		{D4AC1FF0-C67C-4E2A-9E42-CC0A8EED7F6E}.Release|x64.Build.0 = Release|x64
		{D4AC1FF0-C67C-4E2A-9E42-CC0A8EED7F6E}.Release|x86.ActiveCfg = Release|Win32
		{D4AC1FF0-C67C-4E2A-9E42-CC0A8EED7F6E}.Release|x86.Build.0 = Release|Win32
		{46B265E6-1D53-4D68-B376-92243E571152}.Debug|x64.ActiveCfg = Debug|x64
		{46B265E6-1D53-4D68-B376-92243E571152}.Debug|x64.Build.0 = Debug|x64
		{46B265E6-1D53-4D68-B376-92243E571152}.Debug|x86.ActiveCfg = Debug|Win32
		{46B265E6-1D53-4D68-B376-92243E571152}.Debug|x86.Build.0 = Debug|Win32
		{46B265E6-1D53-4D68-B376-92243E571152}.Release|x64.ActiveCfg = Release|x64
		{46B265E6-1D53-4D68-B376-92243E571152}.Release|x64.Build.0 = Release|x64
		{46B265E6-1D53-4D68-B376-92243E571152}.Release|x86.ActiveCfg = Release|Win32
		{46B265E6-1D53-4D68-B376-92243E571152}.Release|x86.Build.0 = Release|Win32
		{F8F382F4-02A4-461A-8033-59AEDBA2E0BF}.Debug|x64.ActiveCfg = Debug|x64
		{F8F382F4-02A4-461A-8033-59AEDBA2E0BF}.Debug|x64.Build.0 = Debug|x64
		{F8F382F4-02A4-461A-8033-59AEDBA2E0BF}.Debug|x86.ActiveCfg = Debug|Win32
		{F8F382F4-02A4-461A-8033-59AEDBA2E0BF}.Debug|x86.Build.0 = Debug|Win32
		{F8F382F4-02A4-461A-8033-59AEDBA2E0BF}.Release|x64.ActiveCfg = Release|x64
		{F8F382F4-02A4-461A-8033-59AEDBA2E0BF}.Release|x64.Build.0 = Release|x64
		{F8F382F4-02A4-461A-8033-59AEDBA2E0BF}.Release|x86.ActiveCfg = Release|Win32
		{F8F382F4-02A4-461A-8033-59AEDBA2E0BF}.Release|x86.Build.0 = Release|Win32
		{5E057013-11A2-4D9D-91D2-455FF172B9B1}.Debug|x64.ActiveCfg = Debug|x64
		{5E057013-11A2-4D9D-91D2-455FF172B9B1}.Debug|x64.Build.0 = Debug|x64
		{5E057013-11A2-4D9D-91D2-455FF172B9B1}.Debug|x86.ActiveCfg = Debug|Win32
		{5E057013-11A2-4D9D-91D2-455FF172B9B1}.Debug|x86.Build.0 = Debug|Win32
		{5E057013-11A2-4D9D-91D2-455FF172B9B1}.Release|x64.ActiveCfg = Release|x64
		{5E057013-11A2-4D9D-91D2-455FF172B9B1}.Release|x64.Build.0 = Release|x64
		{5E057013-11A2-4D9D-91D2-455FF172B9B1}.Release|x86.ActiveCfg = Release|Win32
		{5E057013-11A2-4D9D-91D2-455FF172B9B1}.Release|x86.Build.0 = Release|Win32
		{F3BA63BD-4E80-4EC1-9EB7-93E09C59CA92}.Debug|x64.ActiveCfg = Debug|x64
		{F3BA63BD-4E80-4EC1-9EB7-93E09C59CA92}.Debug|x64.Build.0 = Debug|x64
		{F3BA63BD-4E80-4EC1-9EB7-93E09C59CA92}.Debug|x86.ActiveCfg = Debug|Win32
		{F3BA63BD-4E80-4EC1-9EB7-93E09C59CA92}.Debug|x86.Build.0 = Debug|Win32
		{F3BA63BD-4E80-4EC1-9EB7-93E09C59CA92}.Release|x64.ActiveCfg = Release|x64
		{F3BA63BD-4E80-4EC1-9EB7-93E09C59CA92}.Release|x64.Build.0 = Release|x64
		{F3BA63BD-4E80-4EC1-9EB7-93E09C59CA92}.Release|x86.ActiveCfg = Release|Win32
		{F3BA63BD-4E80-4EC1-9EB7-93E09C59CA92}.Release|x86.Build.0 = Release|Win32
		{CEB408DC-C95D-4621-9A55-2884CC2C68AE}.Debug|x64.ActiveCfg = Debug|x64
		{CEB408DC-C95D-4621-9A55-2884CC2C68AE}.Debug|x64.Build.0 = Debug|x64
		{CEB408DC-C95D-4621-9A55-2884CC2C68AE}.Debug|x86.ActiveCfg = Debug|Win32
		{CEB408DC-C95D-4621-9A55-2884CC2C68AE}.Debug|x86.Build.0 = Debug|Win32
		{CEB408DC-C95D-4621-9A55-2884CC2C68AE}.Release|x64.ActiveCfg = Release|x64
		{CEB408DC-C95D-4621-9A55-2884CC2C68AE}.Release|x64.Build.0 = Release|x64
		{CEB408DC-C95D-4621-9A55-2884CC2C68AE}.Release|x86.ActiveCfg = Release|Win32
		{CEB408DC-C95D-4621-9A55-2884CC2C68AE}.Release|x86.Build.0 = Release|Win32
		{F27EC9CF-21F2-40A7-BAC6-64BEC764FD9E}.Debug|x64.ActiveCfg = Debug|x64
		{F27EC9CF-21F2-40A7-BAC6-64BEC764FD9E}.Debug|x64.Build.0 = Debug|x64
		{F27EC9CF-21F2-40A7-BAC6-64BEC764FD9E}.Debug|x86.ActiveCfg = Debug|Win32
		{F27EC9CF-21F2-40A7-BAC6-64BEC764FD9E}.Debug|x86.Build.0 = Debug|Win32
		{F27EC9CF-21F2-40A7-BAC6-64BEC764FD9E}.Release|x64.ActiveCfg = Release|x64
		{F27EC9CF-21F2-40A7-BAC6-64BEC764FD9E}.Release|x64.Build.0 = Release|x64
		{F27EC9CF-21F2-40A7-BAC6-64BEC764FD9E}.Release|x86.ActiveCfg = Release|Win32
		{F27EC9CF-21F2-40A7-BAC6-64BEC764FD9E}.Release|x86.Build.0 = Release|Win32
		{3E427B1E-D9F2-4769-8B2A-ECAFCBB0F994}.Debug|x64.ActiveCfg = Debug|x64
		{3E427B1E-D9F2-4769-8B2A-ECAFCBB0F994}.Debug|x64.Build.0 = Debug|x64
		{3E427B1E-D9F2-4769-8B2A-ECAFCBB0F994}.Debug|x86.ActiveCfg = Debug|Win32
		{3E427B1E-D9F2-4769-8B2A-ECAFCBB0F994}.Debug|x86.Build.0 = Debug|Win32
		{3E427B1E-D9F2-4769-8B2A-ECAFCBB0F994}.Release|x64.ActiveCfg = Release|x64
		{3E427B1E-D9F2-4769-8B2A-ECAFCBB0F994}.Release|x64.Build.0 = Release|x64
		{3E427B1E-D9F2-4769-8B2A-ECAFCBB0F994}.Release|x86.ActiveCfg = Release|Win32
		{3E427B1E-D9F2-4769-8B2A-ECAFCBB0F994}.Release|x86.Build.0 = Release|Win32
		{595D878D-C75C-48C8-A639-0A78C68FC2DF}.Debug|x64.ActiveCfg = Debug|x64
		{595D878D-C75C-48C8-A639-0A78C68FC2DF}.Debug|x64.Build.0 = Debug|x64
		{595D878D-C75C-48C8-A639-0A78C68FC2DF}.Debug|x86.ActiveCfg = Debug|Win32
		{595D878D-C75C-48C8-A639-0A78C68FC2DF}.Debug|x86.Build.0 = Debug|Win32
		{595D878D-C75C-48C8-A639-0A78C68FC2DF}.Release|x64.ActiveCfg = Release|x64
		{595D878D-C75C-48C8-A639-0A78C68FC2DF}.Release|x64.Build.0 = Release|x64
		{595D878D-C75C-48C8-A639-0A78C68FC2DF}.Release|x86.ActiveCfg = Release|Win32
		{595D878D-C75C-48C8-A639-0A78C68FC2DF}.Release|x86.Build.0 = Release|Win32
		{0F3799EA-FE33-46F6-9BA6-2E2E7F63FFD4}.Debug|x64.ActiveCfg = Debug|x64
		{0F3799EA-FE33-46F6-9BA6-2E2E7F63FFD4}.Debug|x64.Build.0 = Debug|x64
		{0F3799EA-FE33-46F6-9BA6-2E2E7F63FFD4}.Debug|x86.ActiveCfg = Debug|Win32
		{0F3799EA-FE33-46F6-9BA6-2E2E7F63FFD4}.Debug|x86.Build.0 = Debug|Win32
		{0F3799EA-FE33-46F6-9BA6-2E2E7F63FFD4}.Release|x64.ActiveCfg = Release|x64
		{0F3799EA-FE33-46F6-9BA6-2E2E7F63FFD4}.Release|x64.Build.0 = Release|x64
		{0F3799EA-FE33-46F6-9BA6-2E2E7F63FFD4}.Release|x86.ActiveCfg = Release|Win32
		{0F3799EA-FE33-46F6-9BA6-2E2E7F63FFD4}.Release|x86.Build.0 = Release|Win32
		{E3E85A9D-57A7-492B-BA46-3FC62649E8EA}.Debug|x64.ActiveCfg = Debug|x64
		{E3E85A9D-57A7-492B-BA46-3FC62649E8EA}.Debug|x64.Build.0 = Debug|x64
		{E3E85A9D-57A7-492B-BA46-3FC62649E8EA}.Debug|x86.ActiveCfg = Debug|Win32
		{E3E85A9D-57A7-492B-BA46-3FC62649E8EA}.Debug|x86.Build.0 = Debug|Win32
		{E3E85A9D-57A7-492B-BA46-3FC62649E8EA}.Release|x64.ActiveCfg = Release|x64
		{E3E85A9D-57A7-492B-BA46-3FC62649E8EA}.Release|x64.Build.0 = Release|x64
		{E3E85A9D-57A7-492B-BA46-3FC62649E8EA}.Release|x86.ActiveCfg = Release|Win32
		{E3E85A9D-57A7-492B-BA46-3FC62649E8EA}.Release|x86.Build.0 = Release|Win32
		{8FA1B1A1-77DA-4601-A55F-E552D704F61B}.Debug|x64.ActiveCfg = Debug|x64
		{8FA1B1A1-77DA-4601-A55F-E552D704F61B}.Debug|x64.Build.0 = Debug|x64
		{8FA1B1A1-77DA-4601-A55F-E552D704F61B}.Debug|x86.ActiveCfg = Debug|Win32
		{8FA1B1A1-77DA-4601-A55F-E552D704F61B}.Debug|x86.Build.0 = Debug|Win32
		{8FA1B1A1-77DA-4601-A55F-E552D704F61B}.Release|x64.ActiveCfg = Release|x64
		{8FA1B1A1-77DA-4601-A55F-E552D704F61B}.Release|x64.Build.0 = Release|x64
		{8FA1B1A1-77DA-4601-A55F-E552D704F61B}.Release|x86.ActiveCfg = Release|Win32
		{8FA1B1A1-77DA-4601-A55F-E552D704F61B}.Release|x86.Build.0 = Release|Win32
		{E23DCD5F-533B-45FB-978A-073807D15902}.Debug|x64.ActiveCfg = Debug|x64
		{E23DCD5F-533B-45FB-978A-073807D15902}.Debug|x64.Build.0 = Debug|x64
		{E23DCD5F-533B-45FB-978A-073807D15902}.Debug|x86.ActiveCfg = Debug|Win32
		{E23DCD5F-533B-45FB-978A-073807D15902}.Debug|x86.Build.0 = Debug|Win32
		{E23DCD5F-533B-45FB-978A-073807D15902}.Release|x64.ActiveCfg = Release|x64
		{E23DCD5F-533B-45FB-978A-073807D15902}.Release|x64.Build.0 = Release|x64
		{E23DCD5F-533B-45FB-978A-073807D15902}.Release|x86.ActiveCfg = Release|Win32
		{E23DCD5F-533B-45FB-978A-073807D15902}.Release|x86.Build.0 = Release|Win32
		{BA5D19BD-9D27-4059-B3D2-3CCFBB7D8B8F}.Debug|x64.ActiveCfg = Debug|x64
		{BA5D19BD-9D27-4059-B3D2-3CCFBB7D8B8F}.Debug|x64.Build.0 = Debug|x64
		{BA5D19BD-9D27-4059-B3D2-3CCFBB7D8B8F}.Debug|x86.ActiveCfg = Debug|Win32
		{BA5D19BD-9D27-4059-B3D2-3CCFBB7D8B8F}.Debug|x86.Build.0 = Debug|Win32
		{BA5D19BD-9D27-4059-B3D2-3CCFBB7D8B8F}.Release|x64.ActiveCfg = Release|x64
		{BA5D19BD-9D27-4059-B3D2-3CCFBB7D8B8F}.Release|x64.Build.0 = Release|x64
		{BA5D19BD-9D27-4059-B3D2-3CCFBB7D8B8F}.Release|x86.ActiveCfg = Release|Win32
		{BA5D19BD-9D27-4059-B3D2-3CCFBB7D8B8F}.Release|x86.Build.0 = Release|Win32
		{AF2F1B3C-AE6E-4A42-A138-7A107872EDF5}.Debug|x64.ActiveCfg = Debug|x64
		{AF2F1B3C-AE6E-4A42-A138-7A107872EDF5}.Debug|x64.Build.0 = Debug|x64
		{AF2F1B3C-AE6E-4A42-A138-7A107872EDF5}.Debug|x86.ActiveCfg = Debug|Win32
		{AF2F1B3C-AE6E-4A42-A138-7A107872EDF5}.Debug|x86.Build.0 = Debug|Win32
		{AF2F1B3C-AE6E-4A42-A138-7A107872EDF5}.Release|x64.ActiveCfg = Release|x64
		{AF2F1B3C-AE6E-4A42-A138-7A107872EDF5}.Release|x64.Build.0 = Release|x64
		{AF2F1B3C-AE6E-4A42-A138-7A107872EDF5}.Release|x86.ActiveCfg = Release|Win32
		{AF2F1B3C-AE6E-4A42-A138-7A107872EDF5}.Release|x86.Build.0 = Release|Win32
		{DC4D1128-BA73-4F84-8037-D2E2975C3EB7}.Debug|x64.ActiveCfg = Debug|x64
		{DC4D1128-BA73-4F84-8037-D2E2975C3EB7}.Debug|x64.Build.0 = Debug|x64
		{DC4D1128-BA73-4F84-8037-D2E2975C3EB7}.Debug|x86.ActiveCfg = Debug|Win32
		{DC4D1128-BA73-4F84-8037-D2E2975C3EB7}.Debug|x86.Build.0 = Debug|Win32
		{DC4D1128-BA73-4F84-8037-D2E2975C3EB7}.Release|x64.ActiveCfg = Release|x64
		{DC4D1128-BA73-4F84-8037-D2E2975C3EB7}.Release|x64.Build.0 = Release|x64
		{DC4D1128-BA73-4F84-8037-D2E2975C3EB7}.Release|x86.ActiveCfg = Release|Win32
		{DC4D1128-BA73-4F84-8037-D2E2975C3EB7}.Release|x86.Build.0 = Release|Win32
		{4C38DA7F-070E-4710-9F01-F07E16EB7844}.Debug|x64.ActiveCfg = Debug|x64
		{4C38DA7F-070E-4710-9F01-F07E16EB7844}.Debug|x64.Build.0 = Debug|x64
		{4C38DA7F-070E-4710-9F01-F07E16EB7844}.Debug|x86.ActiveCfg = Debug|Win32
		{4C38DA7F-070E-4710-9F01-F07E16EB7844}.Debug|x86.Build.0 = Debug|Win32
		{4C38DA7F-070E-4710-9F01-F07E16EB7844}.Release|x64.ActiveCfg = Release|x64
		{4C38DA7F-070E-4710-9F01-F07E16EB7844}.Release|x64.Build.0 = Release|x64
		{4C38DA7F-070E-4710-9F01-F07E16EB7844}.Release|x86.ActiveCfg = Release|Win32
		{4C38DA7F-070E-4710-9F01-F07E16EB7844}.Release|x86.Build.0 = Release|Win32
		{12CD036F-191F-4746-80C5-F9FB4980EC83}.Debug|x64.ActiveCfg = Debug|x64
		{12CD036F-191F-4746-80C5-F9FB4980EC83}.Debug|x64.Build.0 = Debug|x64
		{12CD036F-191F-4746-80C5-F9FB4980EC83}.Debug|x86.ActiveCfg = Debug|Win32
		{12CD036F-191F-4746-80C5-F9FB4980EC83}.Debug|x86.Build.0 = Debug|Win32
		{12CD036F-191F-4746-80C5-F9FB4980EC83}.Release|x64.ActiveCfg = Release|x64
		{12CD036F-191F-4746-80C5-F9FB4980EC83}.Release|x64.Build.0 = Release|x64
		{12CD036F-191F-4746-80C5-F9FB4980EC83}.Release|x86.ActiveCfg = Release|Win32
		{12CD036F-191F-4746-80C5-F9FB4980EC83}.Release|x86.Build.0 = Release|Win32
		{AEA2DA70-2D57-4921-A3FF-247D4C8F9070}.Debug|x64.ActiveCfg = Debug|x64
		{AEA2DA70-2D57-4921-A3FF-247D4C8F9070}.Debug|x64.Build.0 = Debug|x64
		{AEA2DA70-2D57-4921-A3FF-247D4C8F9070}.Debug|x86.ActiveCfg = Debug|Win32
		{AEA2DA70-2D57-4921-A3FF-247D4C8F9070}.Debug|x86.Build.0 = Debug|Win32
		{AEA2DA70-2D57-4921-A3FF-247D4C8F9070}.Release|x64.ActiveCfg = Release|x64
		{AEA2DA70-2D57-4921-A3FF-247D4C8F9070}.Release|x64.Build.0 = Release|x64
		{AEA2DA70-2D57-4921-A3FF-247D4C8F9070}.Release|x86.ActiveCfg = Release|Win32
		{AEA2DA70-2D57-4921-A3FF-247D4C8F9070}.Release|x86.Build.0 = Release|Win32
		{D5B8F4BE-47FF-4F45-BAAC-5F3ED9A9B3FC}.Debug|x64.ActiveCfg = Debug|x64
		{D5B8F4BE-47FF-4F45-BAAC-5F3ED9A9B3FC}.Debug|x64.Build.0 = Debug|x64
		{D5B8F4BE-47FF-4F45-BAAC-5F3ED9A9B3FC}.Debug|x86.ActiveCfg = Debug|Win32
		{D5B8F4BE-47FF-4F45-BAAC-5F3ED9A9B3FC}.Debug|x86.Build.0 = Debug|Win32
		{D5B8F4BE-47FF-4F45-BAAC-5F3ED9A9B3FC}.Release|x64.ActiveCfg = Release|x64
		{D5B8F4BE-47FF-4F45-BAAC-5F3ED9A9B3FC}.Release|x64.Build.0 = Release|x64
		{D5B8F4BE-47FF-4F45-BAAC-5F3ED9A9B3FC}.Release|x86.ActiveCfg = Release|Win32
		{D5B8F4BE-47FF-4F45-BAAC-5F3ED9A9B3FC}.Release|x86.Build.0 = Release|Win32
		{861381BB-7A76-4645-930C-9F01F696ED4F}.Debug|x64.ActiveCfg = Debug|x64
		{861381BB-7A76-4645-930C-9F01F696ED4F}.Debug|x64.Build.0 = Debug|x64
		{861381BB-7A76-4645-930C-9F01F696ED4F}.Debug|x86.ActiveCfg = Debug|Win32
		{861381BB-7A76-4645-930C-9F01F696ED4F}.Debug|x86.Build.0 = Debug|Win32
		{861381BB-7A76-4645-930C-9F01F696ED4F}.Release|x64.ActiveCfg = Release|x64
		{861381BB-7A76-4645-930C-9F01F696ED4F}.Release|x64.Build.0 = Release|x64
		{861381BB-7A76-4645-930C-9F01F696ED4F}.Release|x86.ActiveCfg = Release|Win32
		{861381BB-7A76-4645-930C-9F01F696ED4F}.Release|x86.Build.0 = Release|Win32
		{BD639D28-D76E-47BD-BA08-64B65AE7DA0D}.Debug|x64.ActiveCfg = Debug|x64
		{BD639D28-D76E-47BD-BA08-64B65AE7DA0D}.Debug|x64.Build.0 = Debug|x64
		{BD639D28-D76E-47BD-BA08-64B65AE7DA0D}.Debug|x86.ActiveCfg = Debug|Win32
		{BD639D28-D76E-47BD-BA08-64B65AE7DA0D}.Debug|x86.Build.0 = Debug|Win32
		{BD639D28-D76E-47BD-BA08-64B65AE7DA0D}.Release|x64.ActiveCfg = Release|x64
		{BD639D28-D76E-47BD-BA08-64B65AE7DA0D}.Release|x64.Build.0 = Release|x64
		{BD639D28-D76E-47BD-BA08-64B65AE7DA0D}.Release|x86.ActiveCfg = Release|Win32
		{BD639D28-D76E-47BD-BA08-64B65AE7DA0D}.Release|x86.Build.0 = Release|Win32
		{8B5C37A8-012B-40DD-A9E6-167003DB82CB}.Debug|x64.ActiveCfg = Debug|x64
		{8B5C37A8-012B-40DD-A9E6-167003DB82CB}.Debug|x64.Build.0 = Debug|x64
		{8B5C37A8-012B-40DD-A9E6-167003DB82CB}.Debug|x86.ActiveCfg = Debug|Win32
		{8B5C37A8-012B-40DD-A9E6-167003DB82CB}.Debug|x86.Build.0 = Debug|Win32
		{8B5C37A8-012B-40DD-A9E6-167003DB82CB}.Release|x64.ActiveCfg = Release|x64
		{8B5C37A8-012B-40DD-A9E6-167003DB82CB}.Release|x64.Build.0 = Release|x64
		{8B5C37A8-012B-40DD-A9E6-167003DB82CB}.Release|x86.ActiveCfg = Release|Win32
		{8B5C37A8-012B-40DD-A9E6-167003DB82CB}.Release|x86.Build.0 = Release|Win32
		{FC6F51A6-A9AA-4A2A-9D67-C2331549F732}.Debug|x64.ActiveCfg = Debug|x64
		{FC6F51A6-A9AA-4A2A-9D67-C2331549F732}.Debug|x64.Build.0 = Debug|x64
		{FC6F51A6-A9AA-4A2A-9D67-C2331549F732}.Debug|x86.ActiveCfg = Debug|Win32
		{FC6F51A6-A9AA-4A2A-9D67-C2331549F732}.Debug|x86.Build.0 = Debug|Win32
		{FC6F51A6-A9AA-4A2A-9D67-C2331549F732}.Release|x64.ActiveCfg = Release|x64
		{FC6F51A6-A9AA-4A2A-9D67-C2331549F732}.Release|x64.Build.0 = Release|x64
		{FC6F51A6-A9AA-4A2A-9D67-C2331549F732}.Release|x86.ActiveCfg = Release|Win32
		{FC6F51A6-A9AA-4A2A-9D67-C2331549F732}.Release|x86.Build.0 = Release|Win32
		{F296D6C8-C042-49E4-A3BE-71BAACAFBF8F}.Debug|x64.ActiveCfg = Debug|x64
		{F296D6C8-C042-49E4-A3BE-71BAACAFBF8F}.Debug|x64.Build.0 = Debug|x64
		{F296D6C8-C042-49E4-A3BE-71BAACAFBF8F}.Debug|x86.ActiveCfg = Debug|Win32
		{F296D6C8-C042-49E4-A3BE-71BAACAFBF8F}.Debug|x86.Build.0 = Debug|Win32
		{F296D6C8-C042-49E4-A3BE-71BAACAFBF8F}.Release|x64.ActiveCfg = Release|x64
		{F296D6C8-C042-49E4-A3BE-71BAACAFBF8F}.Release|x64.Build.0 = Release|x64
		{F296D6C8-C042-49E4-A3BE-71BAACAFBF8F}.Release|x86.ActiveCfg = Release|Win32
		{F296D6C8-C042-49E4-A3BE-71BAACAFBF8F}.Release|x86.Build.0 = Release|Win32
		{4E3A525A-08D1-498C-91A7-FAB613692781}.Debug|x64.ActiveCfg = Debug|x64
		{4E3A525A-08D1-498C-91A7-FAB613692781}.Debug|x64.Build.0 = Debug|x64
		{4E3A525A-08D1-498C-91A7-FAB613692781}.Debug|x86.ActiveCfg = Debug|Win32
		{4E3A525A-08D1-498C-91A7-FAB613692781}.Debug|x86.Build.0 = Debug|Win32
		{4E3A525A-08D1-498C-91A7-FAB613692781}.Release|x64.ActiveCfg = Release|x64
		{4E3A525A-08D1-498C-91A7-FAB613692781}.Release|x64.Build.0 = Release|x64
		{4E3A525A-08D1-498C-91A7-FAB613692781}.Release|x86.ActiveCfg = Release|Win32
		{4E3A525A-08D1-498C-91A7-FAB613692781}.Release|x86.Build.0 = Release|Win32
		{DAF9157F-C577-4899-9C0F-844B989B8513}.Debug|x64.ActiveCfg = Debug|x64
		{DAF9157F-C577-4899-9C0F-844B989B8513}.Debug|x64.Build.0 = Debug|x64
		{DAF9157F-C577-4899-9C0F-844B989B8513}.Debug|x86.ActiveCfg = Debug|Win32
		{DAF9157F-C577-4899-9C0F-844B989B8513}.Debug|x86.Build.0 = Debug|Win32
		{DAF9157F-C577-4899-9C0F-844B989B8513}.Release|x64.ActiveCfg = Release|x64
		{DAF9157F-C577-4899-9C0F-844B989B8513}.Release|x64.Build.0 = Release|x64
		{DAF9157F-C577-4899-9C0F-844B989B8513}.Release|x86.ActiveCfg = Release|Win32
		{DAF9157F-C577-4899-9C0F-844B989B8513}.Release|x86.Build.0 = Release|Win32
		{42134429-B9B4-4634-97FC-862FA6B7AD23}.Debug|x64.ActiveCfg = Debug|x64
		{42134429-B9B4-4634-97FC-862FA6B7AD23}.Debug|x64.Build.0 = Debug|x64
		{42134429-B9B4-4634-97FC-862FA6B7AD23}.Debug|x86.ActiveCfg = Debug|Win32
		{42134429-B9B4-4634-97FC-862FA6B7AD23}.Debug|x86.Build.0 = Debug|Win32
		{42134429-B9B4-4634-97FC-862FA6B7AD23}.Release|x64.ActiveCfg = Release|x64
		{42134429-B9B4-4634-97FC-862FA6B7AD23}.Release|x64.Build.0 = Release|x64
		{42134429-B9B4-4634-97FC-862FA6B7AD23}.Release|x86.ActiveCfg = Release|Win32
		{42134429-B9B4-4634-97FC-862FA6B7AD23}.Release|x86.Build.0 = Release|Win32
		{5835F386-AC39-4593-9CDF-14645700C53A}.Debug|x64.ActiveCfg = Debug|x64
		{5835F386-AC39-4593-9CDF-14645700C53A}.Debug|x64.Build.0 = Debug|x64
		{5835F386-AC39-4593-9CDF-14645700C53A}.Debug|x86.ActiveCfg = Debug|Win32
		{5835F386-AC39-4593-9CDF-14645700C53A}.Debug|x86.Build.0 = Debug|Win32
		{5835F386-AC39-4593-9CDF-14645700C53A}.Release|x64.ActiveCfg = Release|x64
		{5835F386-AC39-4593-9CDF-14645700C53A}.Release|x64.Build.0 = Release|x64
		{5835F386-AC39-4593-9CDF-14645700C53A}.Release|x86.ActiveCfg = Release|Win32
		{5835F386-AC39-4593-9CDF-14645700C53A}.Release|x86.Build.0 = Release|Win32
		{55523F26-093D-4199-AE11-149DC8E279AA}.Debug|x64.ActiveCfg = Debug|x64
		{55523F26-093D-4199-AE11-149DC8E279AA}.Debug|x64.Build.0 = Debug|x64
		{55523F26-093D-4199-AE11-149DC8E279AA}.Debug|x86.ActiveCfg = Debug|Win32
		{55523F26-093D-4199-AE11-149DC8E279AA}.Debug|x86.Build.0 = Debug|Win32
		{55523F26-093D-4199-AE11-149DC8E279AA}.Release|x64.ActiveCfg = Release|x64
		{55523F26-093D-4199-AE11-149DC8E279AA}.Release|x64.Build.0 = Release|x64
		{55523F26-093D-4199-AE11-149DC8E279AA}.Release|x86.ActiveCfg = Release|Win32
		{55523F26-093D-4199-AE11-149DC8E279AA}.Release|x86.Build.0 = Release|Win32
		{44C4C5C5-176C-45E6-AE76-B966892DC1EC}.Debug|x64.ActiveCfg = Debug|x64
		{44C4C5C5-176C-45E6-AE76-B966892DC1EC}.Debug|x64.Build.0 = Debug|x64
		{44C4C5C5-176C-45E6-AE76-B966892DC1EC}.Debug|x86.ActiveCfg = Debug|Win32
		{44C4C5C5-176C-45E6-AE76-B966892DC1EC}.Debug|x86.Build.0 = Debug|Win32
		{44C4C5C5-176C-45E6-AE76-B966892DC1EC}.Release|x64.ActiveCfg = Release|x64
		{44C4C5C5-176C-45E6-AE76-B966892DC1EC}.Release|x64.Build.0 = Release|x64
		{44C4C5C5-176C-45E6-AE76-B966892DC1EC}.Release|x86.ActiveCfg = Release|Win32
		{44C4C5C5-176C-45E6-AE76-B966892DC1EC}.Release|x86.Build.0 = Release|Win32
		{673E20FA-B921-4496-AE8A-9028ACE1D0D9}.Debug|x64.ActiveCfg = Debug|x64
		{673E20FA-B921-4496-AE8A-9028ACE1D0D9}.Debug|x64.Build.0 = Debug|x64
		{673E20FA-B921-4496-AE8A-9028ACE1D0D9}.Debug|x86.ActiveCfg = Debug|Win32
		{673E20FA-B921-4496-AE8A-9028ACE1D0D9}.Debug|x86.Build.0 = Debug|Win32
		{673E20FA-B921-4496-AE8A-9028ACE1D0D9}.Release|x64.ActiveCfg = Release|x64
		{673E20FA-B921-4496-AE8A-9028ACE1D0D9}.Release|x64.Build.0 = Release|x64
		{673E20FA-B921-4496-AE8A-9028ACE1D0D9}.Release|x86.ActiveCfg = Release|Win32
		{673E20FA-B921-4496-AE8A-9028ACE1D0D9}.Release|x86.Build.0 = Release|Win32
		{D7DA6599-806F-4508-962B-1C4207801FCC}.Debug|x64.ActiveCfg = Debug|x64
		{D7DA6599-806F-4508-962B-1C4207801FCC}.Debug|x64.Build.0 = Debug|x64
		{D7DA6599-806F-4508-962B-1C4207801FCC}.Debug|x86.ActiveCfg = Debug|Win32
		{D7DA6599-806F-4508-962B-1C4207801FCC}.Debug|x86.Build.0 = Debug|Win32
		{D7DA6599-806F-4508-962B-1C4207801FCC}.Release|x64.ActiveCfg = Release|x64
		{D7DA6599-806F-4508-962B-1C4207801FCC}.Release|x64.Build.0 = Release|x64
		{D7DA6599-806F-4508-962B-1C4207801FCC}.Release|x86.ActiveCfg = Release|Win32
		{D7DA6599-806F-4508-962B-1C4207801FCC}.Release|x86.Build.0 = Release|Win32
		{4306FB6B-0763-4DF0-B70F-D7CFFEBF5F21}.Debug|x64.ActiveCfg = Debug|x64
		{4306FB6B-0763-4DF0-B70F-D7CFFEBF5F21}.Debug|x64.Build.0 = Debug|x64
		{4306FB6B-0763-4DF0-B70F-D7CFFEBF5F21}.Debug|x86.ActiveCfg = Debug|Win32
		{4306FB6B-0763-4DF0-B70F-D7CFFEBF5F21}.Debug|x86.Build.0 = Debug|Win32
		{4306FB6B-0763-4DF0-B70F-D7CFFEBF5F21}.Release|x64.ActiveCfg = Release|x64
		{4306FB6B-0763-4DF0-B70F-D7CFFEBF5F21}.Release|x64.Build.0 = Release|x64
		{4306FB6B-0763-4DF0-B70F-D7CFFEBF5F21}.Release|x86.ActiveCfg = Release|Win32
		{4306FB6B-0763-4DF0-B70F-D7CFFEBF5F21}.Release|x86.Build.0 = Release|Win32
		{D8EC83ED-109A-4A90-B612-715FEF79DDEC}.Debug|x64.ActiveCfg = Debug|x64
		{D8EC83ED-109A-4A90-B612-715FEF79DDEC}.Debug|x64.Build.0 = Debug|x64
		{D8EC83ED-109A-4A90-B612-715FEF79DDEC}.Debug|x86.ActiveCfg = Debug|Win32
		{D8EC83ED-109A-4A90-B612-715FEF79DDEC}.Debug|x86.Build.0 = Debug|Win32
		{D8EC83ED-109A-4A90-B612-715FEF79DDEC}.Release|x64.ActiveCfg = Release|x64
		{D8EC83ED-109A-4A90-B612-715FEF79DDEC}.Release|x64.Build.0 = Release|x64
		{D8EC83ED-109A-4A90-B612-715FEF79DDEC}.Release|x86.ActiveCfg = Release|Win32
		{D8EC83ED-109A-4A90-B612-715FEF79DDEC}.Release|x86.Build.0 = Release|Win32
		{A0485BE6-7DE5-4C78-BB15-2FECB9555C9A}.Debug|x64.ActiveCfg = Debug|x64
		{A0485BE6-7DE5-4C78-BB15-2FECB9555C9A}.Debug|x64.Build.0 = Debug|x64
		{A0485BE6-7DE5-4C78-BB15-2FECB9555C9A}.Debug|x86.ActiveCfg = Debug|Win32
		{A0485BE6-7DE5-4C78-BB15-2FECB9555C9A}.Debug|x86.Build.0 = Debug|Win32
		{A0485BE6-7DE5-4C78-BB15-2FECB9555C9A}.Release|x64.ActiveCfg = Release|x64
		{A0485BE6-7DE5-4C78-BB15-2FECB9555C9A}.Release|x64.Build.0 = Release|x64
		{A0485BE6-7DE5-4C78-BB15-2FECB9555C9A}.Release|x86.ActiveCfg = Release|Win32
		{A0485BE6-7DE5-4C78-BB15-2FECB9555C9A}.Release|x86.Build.0 = Release|Win32
	EndGlobalSection
	GlobalSection(SolutionProperties) = preSolution
		HideSolutionNode = FALSE
	EndGlobalSection
	GlobalSection(NestedProjects) = preSolution
		{3A202007-F6B1-47CD-B73C-1CDC9AB0D42B} = {1BADB69F-A37A-4DDB-88F2-20CD0039B8BE}
		{A2A38DE8-32D2-4C46-B4F2-A52CA673412C} = {3A202007-F6B1-47CD-B73C-1CDC9AB0D42B}
		{4ED67C05-B64A-43A7-9E03-F602D056CB0E} = {3A202007-F6B1-47CD-B73C-1CDC9AB0D42B}
		{506FE609-83FC-4A51-9272-316AAE17ED52} = {1BADB69F-A37A-4DDB-88F2-20CD0039B8BE}
		{8D975B16-426D-445F-962A-73C06C7DA309} = {1BADB69F-A37A-4DDB-88F2-20CD0039B8BE}
		{BD4A42DC-5AFD-4725-99E0-B3AABE65F3C4} = {A2A38DE8-32D2-4C46-B4F2-A52CA673412C}
		{C53332DA-5918-4964-830E-7D58B4E2F69A} = {A2A38DE8-32D2-4C46-B4F2-A52CA673412C}
		{79A25EC5-27A6-422D-B3D4-776348962B14} = {A2A38DE8-32D2-4C46-B4F2-A52CA673412C}
		{0178BC1E-E259-41F2-991B-6C56E4B61F09} = {A2A38DE8-32D2-4C46-B4F2-A52CA673412C}
		{C999008A-AEA9-4813-BD25-A6929A6B3D1B} = {4ED67C05-B64A-43A7-9E03-F602D056CB0E}
		{5EF31761-54B1-4AA3-B06F-5353A1408CF0} = {B5881E5F-7DE1-47DE-861B-BB5593037688}
		{288E88A0-39D4-4A93-8AF8-DE66C55A6BEF} = {506FE609-83FC-4A51-9272-316AAE17ED52}
		{DBEBEBDC-D0D5-4D56-8C3C-DBBDD358D018} = {4D4F415A-8A4B-4B18-B6DB-3F4EC808D89F}
		{DE7E7B98-191F-4496-9956-0DD7584230D3} = {258A05AC-2E79-4726-B5C0-5EDDBF44DA39}
		{64C3AFA2-04C8-4F44-A00E-8748F0EDC096} = {258A05AC-2E79-4726-B5C0-5EDDBF44DA39}
		{E9B6E74D-9AEF-4124-807E-D66D07535161} = {258A05AC-2E79-4726-B5C0-5EDDBF44DA39}
		{A3C8EBB4-9C52-4FED-9BF1-7CC62244DA30} = {1BADB69F-A37A-4DDB-88F2-20CD0039B8BE}
		{DD719069-9095-4CC3-9697-00E7F6237D6F} = {A3C8EBB4-9C52-4FED-9BF1-7CC62244DA30}
		{D4AC1FF0-C67C-4E2A-9E42-CC0A8EED7F6E} = {DD719069-9095-4CC3-9697-00E7F6237D6F}
		{DDC3ADE2-3B02-4FD3-B6E8-BF4292A24564} = {3A202007-F6B1-47CD-B73C-1CDC9AB0D42B}
		{46B265E6-1D53-4D68-B376-92243E571152} = {DDC3ADE2-3B02-4FD3-B6E8-BF4292A24564}
		{F8F382F4-02A4-461A-8033-59AEDBA2E0BF} = {DDC3ADE2-3B02-4FD3-B6E8-BF4292A24564}
		{B5881E5F-7DE1-47DE-861B-BB5593037688} = {8D975B16-426D-445F-962A-73C06C7DA309}
		{33A86B74-ECCC-4E32-8DD0-11247BE38BF8} = {8D975B16-426D-445F-962A-73C06C7DA309}
		{5E057013-11A2-4D9D-91D2-455FF172B9B1} = {33A86B74-ECCC-4E32-8DD0-11247BE38BF8}
		{F1A14306-FCF3-49DE-A1E7-758821471042} = {258A05AC-2E79-4726-B5C0-5EDDBF44DA39}
		{A5F989DD-B689-4897-AF25-7905615D9BD6} = {258A05AC-2E79-4726-B5C0-5EDDBF44DA39}
		{258A05AC-2E79-4726-B5C0-5EDDBF44DA39} = {DBEBEBDC-D0D5-4D56-8C3C-DBBDD358D018}
		{AFB55F79-1111-457B-852D-2E4DC5AB98BF} = {DBEBEBDC-D0D5-4D56-8C3C-DBBDD358D018}
		{F3BA63BD-4E80-4EC1-9EB7-93E09C59CA92} = {DE7E7B98-191F-4496-9956-0DD7584230D3}
		{CEB408DC-C95D-4621-9A55-2884CC2C68AE} = {FDA57CAA-F9C8-48E6-A507-4E4CCFF0DB28}
		{FDA57CAA-F9C8-48E6-A507-4E4CCFF0DB28} = {AFB55F79-1111-457B-852D-2E4DC5AB98BF}
		{F27EC9CF-21F2-40A7-BAC6-64BEC764FD9E} = {A5F989DD-B689-4897-AF25-7905615D9BD6}
		{3E427B1E-D9F2-4769-8B2A-ECAFCBB0F994} = {F1A14306-FCF3-49DE-A1E7-758821471042}
		{595D878D-C75C-48C8-A639-0A78C68FC2DF} = {E9B6E74D-9AEF-4124-807E-D66D07535161}
		{0F3799EA-FE33-46F6-9BA6-2E2E7F63FFD4} = {64C3AFA2-04C8-4F44-A00E-8748F0EDC096}
		{69B2EC66-BBAA-4922-B1A3-77EE5EEB27A5} = {AFB55F79-1111-457B-852D-2E4DC5AB98BF}
		{E3E85A9D-57A7-492B-BA46-3FC62649E8EA} = {69B2EC66-BBAA-4922-B1A3-77EE5EEB27A5}
		{68979811-C81B-4230-83BA-CEC00E2867AA} = {AFB55F79-1111-457B-852D-2E4DC5AB98BF}
		{8FA1B1A1-77DA-4601-A55F-E552D704F61B} = {68979811-C81B-4230-83BA-CEC00E2867AA}
		{5E8FAF64-AD6B-4627-A2F9-AEC691D39423} = {4D4F415A-8A4B-4B18-B6DB-3F4EC808D89F}
		{40295C82-93A7-421F-8523-BFF6ECD94069} = {5E8FAF64-AD6B-4627-A2F9-AEC691D39423}
		{E23DCD5F-533B-45FB-978A-073807D15902} = {40295C82-93A7-421F-8523-BFF6ECD94069}
		{67BFC3C6-8FD1-4802-84E9-29466C909901} = {5E8FAF64-AD6B-4627-A2F9-AEC691D39423}
		{BA5D19BD-9D27-4059-B3D2-3CCFBB7D8B8F} = {67BFC3C6-8FD1-4802-84E9-29466C909901}
		{C8721B08-0D2D-48DA-8AAC-4D051FDF29D1} = {1BADB69F-A37A-4DDB-88F2-20CD0039B8BE}
		{AF2F1B3C-AE6E-4A42-A138-7A107872EDF5} = {2DCE556A-D4E7-40CD-AE47-E5B2B159842C}
		{2DCE556A-D4E7-40CD-AE47-E5B2B159842C} = {C8721B08-0D2D-48DA-8AAC-4D051FDF29D1}
		{DC4D1128-BA73-4F84-8037-D2E2975C3EB7} = {8748EA3C-21C9-4624-898E-7CA3EB9FD742}
		{8748EA3C-21C9-4624-898E-7CA3EB9FD742} = {5E8FAF64-AD6B-4627-A2F9-AEC691D39423}
		{9648E460-3EC7-4131-8690-F705CE568806} = {4D4F415A-8A4B-4B18-B6DB-3F4EC808D89F}
		{4C38DA7F-070E-4710-9F01-F07E16EB7844} = {8351C2AF-6DFB-47F5-B3EE-BF97656EB01C}
		{8351C2AF-6DFB-47F5-B3EE-BF97656EB01C} = {9648E460-3EC7-4131-8690-F705CE568806}
		{08A29E12-9A07-49FD-804D-0524A76148CB} = {9648E460-3EC7-4131-8690-F705CE568806}
		{12CD036F-191F-4746-80C5-F9FB4980EC83} = {08A29E12-9A07-49FD-804D-0524A76148CB}
		{06F8EC5B-78F8-4A5D-9ACA-0991879BDB87} = {9648E460-3EC7-4131-8690-F705CE568806}
		{AEA2DA70-2D57-4921-A3FF-247D4C8F9070} = {06F8EC5B-78F8-4A5D-9ACA-0991879BDB87}
		{52D77230-0247-425C-B58A-CE97F41009E6} = {4D4F415A-8A4B-4B18-B6DB-3F4EC808D89F}
		{7C67CFBB-C155-46C5-8AAF-615A0675B43F} = {71AE3007-43F0-4DAD-B945-50C5471A3EE0}
		{354D67C5-3B95-4438-AB10-078E73C0A303} = {71AE3007-43F0-4DAD-B945-50C5471A3EE0}
		{376E92DA-200C-48A4-A7FD-E5BA3F8BD518} = {71AE3007-43F0-4DAD-B945-50C5471A3EE0}
		{71AE3007-43F0-4DAD-B945-50C5471A3EE0} = {52D77230-0247-425C-B58A-CE97F41009E6}
		{5231B4AF-829A-4C57-95EF-F9A9C5C5FBE8} = {52D77230-0247-425C-B58A-CE97F41009E6}
		{D5B8F4BE-47FF-4F45-BAAC-5F3ED9A9B3FC} = {7C67CFBB-C155-46C5-8AAF-615A0675B43F}
		{861381BB-7A76-4645-930C-9F01F696ED4F} = {354D67C5-3B95-4438-AB10-078E73C0A303}
		{C311E359-F206-4D85-8992-84129646F72D} = {5231B4AF-829A-4C57-95EF-F9A9C5C5FBE8}
		{BD639D28-D76E-47BD-BA08-64B65AE7DA0D} = {C311E359-F206-4D85-8992-84129646F72D}
		{8137C1C0-AE17-48BF-A6B9-0137BE52807F} = {C8721B08-0D2D-48DA-8AAC-4D051FDF29D1}
		{8B5C37A8-012B-40DD-A9E6-167003DB82CB} = {8137C1C0-AE17-48BF-A6B9-0137BE52807F}
		{21FD10E6-9B59-4186-8CD6-4D1C6E541F91} = {C8721B08-0D2D-48DA-8AAC-4D051FDF29D1}
		{FC6F51A6-A9AA-4A2A-9D67-C2331549F732} = {21FD10E6-9B59-4186-8CD6-4D1C6E541F91}
		{803874C8-B6E0-4258-8B0D-E2D21D2CDBA6} = {1BADB69F-A37A-4DDB-88F2-20CD0039B8BE}
		{BE2C565B-9578-418C-BC4A-4FF56087EA1D} = {803874C8-B6E0-4258-8B0D-E2D21D2CDBA6}
		{A94760F8-D03E-4A3F-8009-82F9B4CDDFD6} = {803874C8-B6E0-4258-8B0D-E2D21D2CDBA6}
		{AB57E1E3-E8F1-4323-A6B5-E95D0BB20A2F} = {803874C8-B6E0-4258-8B0D-E2D21D2CDBA6}
		{729E5B7A-8015-476B-8078-65B53067201F} = {803874C8-B6E0-4258-8B0D-E2D21D2CDBA6}
		{F296D6C8-C042-49E4-A3BE-71BAACAFBF8F} = {BE2C565B-9578-418C-BC4A-4FF56087EA1D}
		{4E3A525A-08D1-498C-91A7-FAB613692781} = {A94760F8-D03E-4A3F-8009-82F9B4CDDFD6}
		{DAF9157F-C577-4899-9C0F-844B989B8513} = {AB57E1E3-E8F1-4323-A6B5-E95D0BB20A2F}
		{FC91ED50-D0C2-428D-9277-67141264BA71} = {5231B4AF-829A-4C57-95EF-F9A9C5C5FBE8}
		{42134429-B9B4-4634-97FC-862FA6B7AD23} = {FC91ED50-D0C2-428D-9277-67141264BA71}
		{ED2040A5-709A-4AC7-9710-BD6D801F458C} = {5231B4AF-829A-4C57-95EF-F9A9C5C5FBE8}
		{5835F386-AC39-4593-9CDF-14645700C53A} = {ED2040A5-709A-4AC7-9710-BD6D801F458C}
		{D5BBE8C8-CFF2-456D-A0B4-524A82B141FE} = {4D4F415A-8A4B-4B18-B6DB-3F4EC808D89F}
		{55523F26-093D-4199-AE11-149DC8E279AA} = {D5BBE8C8-CFF2-456D-A0B4-524A82B141FE}
		{24A707A0-E25F-4631-B815-01FEC9B6B60C} = {4D4F415A-8A4B-4B18-B6DB-3F4EC808D89F}
		{B7CC51B7-903D-4D64-99DF-ABF883B71FC0} = {24A707A0-E25F-4631-B815-01FEC9B6B60C}
		{C97CE195-9D4A-4A57-8D83-FFE1938795B5} = {B7CC51B7-903D-4D64-99DF-ABF883B71FC0}
		{44C4C5C5-176C-45E6-AE76-B966892DC1EC} = {C97CE195-9D4A-4A57-8D83-FFE1938795B5}
		{CE0C58AB-7909-4C48-88B1-FA291189E312} = {1BADB69F-A37A-4DDB-88F2-20CD0039B8BE}
		{A997D28F-BE31-48A4-AA47-48EBB0CD57AC} = {CE0C58AB-7909-4C48-88B1-FA291189E312}
		{673E20FA-B921-4496-AE8A-9028ACE1D0D9} = {A997D28F-BE31-48A4-AA47-48EBB0CD57AC}
		{027C834B-EAF3-4443-9F27-8C65F7EF026D} = {CE0C58AB-7909-4C48-88B1-FA291189E312}
		{D7DA6599-806F-4508-962B-1C4207801FCC} = {027C834B-EAF3-4443-9F27-8C65F7EF026D}
		{4306FB6B-0763-4DF0-B70F-D7CFFEBF5F21} = {027C834B-EAF3-4443-9F27-8C65F7EF026D}
		{D8EC83ED-109A-4A90-B612-715FEF79DDEC} = {027C834B-EAF3-4443-9F27-8C65F7EF026D}
		{A0485BE6-7DE5-4C78-BB15-2FECB9555C9A} = {027C834B-EAF3-4443-9F27-8C65F7EF026D}
	EndGlobalSection
	GlobalSection(ExtensibilityGlobals) = postSolution
		SolutionGuid = {85BFC448-136D-4105-AED2-A0A3597CC6FE}
	EndGlobalSection
EndGlobal
