
Microsoft Visual Studio Solution File, Format Version 12.00
# Visual Studio Version 17
VisualStudioVersion = 17.3.32825.248
MinimumVisualStudioVersion = 10.0.40219.1
Project("{2150E333-8FDC-42A3-9474-1A3956D46DE8}") = "20_05", "20_05", "{3A202007-F6B1-47CD-B73C-1CDC9AB0D42B}"
EndProject
Project("{2150E333-8FDC-42A3-9474-1A3956D46DE8}") = "1task", "1task", "{A2A38DE8-32D2-4C46-B4F2-A52CA673412C}"
EndProject
Project("{8BC9CEB8-8B4A-11D0-8D11-00A0C91BC942}") = "task1", "20_05\task1\task1.vcxproj", "{BD4A42DC-5AFD-4725-99E0-B3AABE65F3C4}"
EndProject
Project("{8BC9CEB8-8B4A-11D0-8D11-00A0C91BC942}") = "task2", "20_05\task2\task2.vcxproj", "{C53332DA-5918-4964-830E-7D58B4E2F69A}"
EndProject
Project("{8BC9CEB8-8B4A-11D0-8D11-00A0C91BC942}") = "task3", "20_05\task3\task3.vcxproj", "{79A25EC5-27A6-422D-B3D4-776348962B14}"
EndProject
Project("{8BC9CEB8-8B4A-11D0-8D11-00A0C91BC942}") = "task4", "20_05\task4\task4.vcxproj", "{0178BC1E-E259-41F2-991B-6C56E4B61F09}"
EndProject
Project("{2150E333-8FDC-42A3-9474-1A3956D46DE8}") = "2task", "2task", "{4ED67C05-B64A-43A7-9E03-F602D056CB0E}"
EndProject
Project("{2150E333-8FDC-42A3-9474-1A3956D46DE8}") = "22_05", "22_05", "{506FE609-83FC-4A51-9272-316AAE17ED52}"
EndProject
Project("{8BC9CEB8-8B4A-11D0-8D11-00A0C91BC942}") = "SomeLib", "20_05\SomeLib\SomeLib.vcxproj", "{C999008A-AEA9-4813-BD25-A6929A6B3D1B}"
EndProject
Project("{8BC9CEB8-8B4A-11D0-8D11-00A0C91BC942}") = "theory", "22_05\theory\theory.vcxproj", "{288E88A0-39D4-4A93-8AF8-DE66C55A6BEF}"
EndProject
Project("{2150E333-8FDC-42A3-9474-1A3956D46DE8}") = "27_05", "27_05", "{8D975B16-426D-445F-962A-73C06C7DA309}"
EndProject
Project("{2150E333-8FDC-42A3-9474-1A3956D46DE8}") = "1task", "1task", "{74A86D30-34B0-4866-9D90-8B75404BF4C9}"
EndProject
Project("{8BC9CEB8-8B4A-11D0-8D11-00A0C91BC942}") = "task1", "27_05\task1\task1.vcxproj", "{5EF31761-54B1-4AA3-B06F-5353A1408CF0}"
EndProject
Global
	GlobalSection(SolutionConfigurationPlatforms) = preSolution
		Debug|x64 = Debug|x64
		Debug|x86 = Debug|x86
		Release|x64 = Release|x64
		Release|x86 = Release|x86
	EndGlobalSection
	GlobalSection(ProjectConfigurationPlatforms) = postSolution
		{BD4A42DC-5AFD-4725-99E0-B3AABE65F3C4}.Debug|x64.ActiveCfg = Debug|x64
		{BD4A42DC-5AFD-4725-99E0-B3AABE65F3C4}.Debug|x64.Build.0 = Debug|x64
		{BD4A42DC-5AFD-4725-99E0-B3AABE65F3C4}.Debug|x86.ActiveCfg = Debug|Win32
		{BD4A42DC-5AFD-4725-99E0-B3AABE65F3C4}.Debug|x86.Build.0 = Debug|Win32
		{BD4A42DC-5AFD-4725-99E0-B3AABE65F3C4}.Release|x64.ActiveCfg = Release|x64
		{BD4A42DC-5AFD-4725-99E0-B3AABE65F3C4}.Release|x64.Build.0 = Release|x64
		{BD4A42DC-5AFD-4725-99E0-B3AABE65F3C4}.Release|x86.ActiveCfg = Release|Win32
		{BD4A42DC-5AFD-4725-99E0-B3AABE65F3C4}.Release|x86.Build.0 = Release|Win32
		{C53332DA-5918-4964-830E-7D58B4E2F69A}.Debug|x64.ActiveCfg = Debug|x64
		{C53332DA-5918-4964-830E-7D58B4E2F69A}.Debug|x64.Build.0 = Debug|x64
		{C53332DA-5918-4964-830E-7D58B4E2F69A}.Debug|x86.ActiveCfg = Debug|Win32
		{C53332DA-5918-4964-830E-7D58B4E2F69A}.Debug|x86.Build.0 = Debug|Win32
		{C53332DA-5918-4964-830E-7D58B4E2F69A}.Release|x64.ActiveCfg = Release|x64
		{C53332DA-5918-4964-830E-7D58B4E2F69A}.Release|x64.Build.0 = Release|x64
		{C53332DA-5918-4964-830E-7D58B4E2F69A}.Release|x86.ActiveCfg = Release|Win32
		{C53332DA-5918-4964-830E-7D58B4E2F69A}.Release|x86.Build.0 = Release|Win32
		{79A25EC5-27A6-422D-B3D4-776348962B14}.Debug|x64.ActiveCfg = Debug|x64
		{79A25EC5-27A6-422D-B3D4-776348962B14}.Debug|x64.Build.0 = Debug|x64
		{79A25EC5-27A6-422D-B3D4-776348962B14}.Debug|x86.ActiveCfg = Debug|Win32
		{79A25EC5-27A6-422D-B3D4-776348962B14}.Debug|x86.Build.0 = Debug|Win32
		{79A25EC5-27A6-422D-B3D4-776348962B14}.Release|x64.ActiveCfg = Release|x64
		{79A25EC5-27A6-422D-B3D4-776348962B14}.Release|x64.Build.0 = Release|x64
		{79A25EC5-27A6-422D-B3D4-776348962B14}.Release|x86.ActiveCfg = Release|Win32
		{79A25EC5-27A6-422D-B3D4-776348962B14}.Release|x86.Build.0 = Release|Win32
		{0178BC1E-E259-41F2-991B-6C56E4B61F09}.Debug|x64.ActiveCfg = Debug|x64
		{0178BC1E-E259-41F2-991B-6C56E4B61F09}.Debug|x64.Build.0 = Debug|x64
		{0178BC1E-E259-41F2-991B-6C56E4B61F09}.Debug|x86.ActiveCfg = Debug|Win32
		{0178BC1E-E259-41F2-991B-6C56E4B61F09}.Debug|x86.Build.0 = Debug|Win32
		{0178BC1E-E259-41F2-991B-6C56E4B61F09}.Release|x64.ActiveCfg = Release|x64
		{0178BC1E-E259-41F2-991B-6C56E4B61F09}.Release|x64.Build.0 = Release|x64
		{0178BC1E-E259-41F2-991B-6C56E4B61F09}.Release|x86.ActiveCfg = Release|Win32
		{0178BC1E-E259-41F2-991B-6C56E4B61F09}.Release|x86.Build.0 = Release|Win32
		{C999008A-AEA9-4813-BD25-A6929A6B3D1B}.Debug|x64.ActiveCfg = Debug|x64
		{C999008A-AEA9-4813-BD25-A6929A6B3D1B}.Debug|x64.Build.0 = Debug|x64
		{C999008A-AEA9-4813-BD25-A6929A6B3D1B}.Debug|x86.ActiveCfg = Debug|Win32
		{C999008A-AEA9-4813-BD25-A6929A6B3D1B}.Debug|x86.Build.0 = Debug|Win32
		{C999008A-AEA9-4813-BD25-A6929A6B3D1B}.Release|x64.ActiveCfg = Release|x64
		{C999008A-AEA9-4813-BD25-A6929A6B3D1B}.Release|x64.Build.0 = Release|x64
		{C999008A-AEA9-4813-BD25-A6929A6B3D1B}.Release|x86.ActiveCfg = Release|Win32
		{C999008A-AEA9-4813-BD25-A6929A6B3D1B}.Release|x86.Build.0 = Release|Win32
		{288E88A0-39D4-4A93-8AF8-DE66C55A6BEF}.Debug|x64.ActiveCfg = Debug|x64
		{288E88A0-39D4-4A93-8AF8-DE66C55A6BEF}.Debug|x64.Build.0 = Debug|x64
		{288E88A0-39D4-4A93-8AF8-DE66C55A6BEF}.Debug|x86.ActiveCfg = Debug|Win32
		{288E88A0-39D4-4A93-8AF8-DE66C55A6BEF}.Debug|x86.Build.0 = Debug|Win32
		{288E88A0-39D4-4A93-8AF8-DE66C55A6BEF}.Release|x64.ActiveCfg = Release|x64
		{288E88A0-39D4-4A93-8AF8-DE66C55A6BEF}.Release|x64.Build.0 = Release|x64
		{288E88A0-39D4-4A93-8AF8-DE66C55A6BEF}.Release|x86.ActiveCfg = Release|Win32
		{288E88A0-39D4-4A93-8AF8-DE66C55A6BEF}.Release|x86.Build.0 = Release|Win32
		{5EF31761-54B1-4AA3-B06F-5353A1408CF0}.Debug|x64.ActiveCfg = Debug|x64
		{5EF31761-54B1-4AA3-B06F-5353A1408CF0}.Debug|x64.Build.0 = Debug|x64
		{5EF31761-54B1-4AA3-B06F-5353A1408CF0}.Debug|x86.ActiveCfg = Debug|Win32
		{5EF31761-54B1-4AA3-B06F-5353A1408CF0}.Debug|x86.Build.0 = Debug|Win32
		{5EF31761-54B1-4AA3-B06F-5353A1408CF0}.Release|x64.ActiveCfg = Release|x64
		{5EF31761-54B1-4AA3-B06F-5353A1408CF0}.Release|x64.Build.0 = Release|x64
		{5EF31761-54B1-4AA3-B06F-5353A1408CF0}.Release|x86.ActiveCfg = Release|Win32
		{5EF31761-54B1-4AA3-B06F-5353A1408CF0}.Release|x86.Build.0 = Release|Win32
	EndGlobalSection
	GlobalSection(SolutionProperties) = preSolution
		HideSolutionNode = FALSE
	EndGlobalSection
	GlobalSection(NestedProjects) = preSolution
		{A2A38DE8-32D2-4C46-B4F2-A52CA673412C} = {3A202007-F6B1-47CD-B73C-1CDC9AB0D42B}
		{BD4A42DC-5AFD-4725-99E0-B3AABE65F3C4} = {A2A38DE8-32D2-4C46-B4F2-A52CA673412C}
		{C53332DA-5918-4964-830E-7D58B4E2F69A} = {A2A38DE8-32D2-4C46-B4F2-A52CA673412C}
		{79A25EC5-27A6-422D-B3D4-776348962B14} = {A2A38DE8-32D2-4C46-B4F2-A52CA673412C}
		{0178BC1E-E259-41F2-991B-6C56E4B61F09} = {A2A38DE8-32D2-4C46-B4F2-A52CA673412C}
		{4ED67C05-B64A-43A7-9E03-F602D056CB0E} = {3A202007-F6B1-47CD-B73C-1CDC9AB0D42B}
		{C999008A-AEA9-4813-BD25-A6929A6B3D1B} = {4ED67C05-B64A-43A7-9E03-F602D056CB0E}
		{288E88A0-39D4-4A93-8AF8-DE66C55A6BEF} = {506FE609-83FC-4A51-9272-316AAE17ED52}
		{74A86D30-34B0-4866-9D90-8B75404BF4C9} = {8D975B16-426D-445F-962A-73C06C7DA309}
		{5EF31761-54B1-4AA3-B06F-5353A1408CF0} = {74A86D30-34B0-4866-9D90-8B75404BF4C9}
	EndGlobalSection
	GlobalSection(ExtensibilityGlobals) = postSolution
		SolutionGuid = {85BFC448-136D-4105-AED2-A0A3597CC6FE}
	EndGlobalSection
EndGlobal
